
Microsoft Visual Studio Solution File, Format Version 12.00
# Visual Studio 15
VisualStudioVersion = 15.0.26228.4
MinimumVisualStudioVersion = 10.0.40219.1
Project("{FAE04EC0-301F-11D3-BF4B-00C04F79EFBC}") = "ConsoleApp", "ConsoleApp\ConsoleApp.csproj", "{0423F938-84B6-44F2-BE25-B47F9EDB1FA8}"
EndProject
Project("{FAE04EC0-301F-11D3-BF4B-00C04F79EFBC}") = "UnitTest", "UnitTest\UnitTest.csproj", "{4A6FE836-56B5-43D6-BE5A-94633BFD2211}"
EndProject
Project("{2150E333-8FDC-42A3-9474-1A3956D46DE8}") = "Solution Items", "Solution Items", "{18CBABC0-0FD6-48C0-A6E8-8D382FCF0436}"
	ProjectSection(SolutionItems) = preProject
		Key.snk = Key.snk
		README.md = README.md
	EndProjectSection
EndProject
Project("{9A19103F-16F7-4668-BE54-9A1E7A4F7556}") = "Api", "Api\Api.csproj", "{9F24A03F-08F5-42D5-8CD9-E4888F780E18}"
EndProject
Global
	GlobalSection(SolutionConfigurationPlatforms) = preSolution
		Debug|Any CPU = Debug|Any CPU
		Release|Any CPU = Release|Any CPU
	EndGlobalSection
	GlobalSection(ProjectConfigurationPlatforms) = postSolution
		{0423F938-84B6-44F2-BE25-B47F9EDB1FA8}.Debug|Any CPU.ActiveCfg = Debug|Any CPU
		{0423F938-84B6-44F2-BE25-B47F9EDB1FA8}.Debug|Any CPU.Build.0 = Debug|Any CPU
		{0423F938-84B6-44F2-BE25-B47F9EDB1FA8}.Release|Any CPU.ActiveCfg = Release|Any CPU
		{0423F938-84B6-44F2-BE25-B47F9EDB1FA8}.Release|Any CPU.Build.0 = Release|Any CPU
		{4A6FE836-56B5-43D6-BE5A-94633BFD2211}.Debug|Any CPU.ActiveCfg = Debug|Any CPU
		{4A6FE836-56B5-43D6-BE5A-94633BFD2211}.Debug|Any CPU.Build.0 = Debug|Any CPU
		{4A6FE836-56B5-43D6-BE5A-94633BFD2211}.Release|Any CPU.ActiveCfg = Release|Any CPU
		{4A6FE836-56B5-43D6-BE5A-94633BFD2211}.Release|Any CPU.Build.0 = Release|Any CPU
		{9F24A03F-08F5-42D5-8CD9-E4888F780E18}.Debug|Any CPU.ActiveCfg = Debug|Any CPU
		{9F24A03F-08F5-42D5-8CD9-E4888F780E18}.Debug|Any CPU.Build.0 = Debug|Any CPU
		{9F24A03F-08F5-42D5-8CD9-E4888F780E18}.Release|Any CPU.ActiveCfg = Release|Any CPU
		{9F24A03F-08F5-42D5-8CD9-E4888F780E18}.Release|Any CPU.Build.0 = Release|Any CPU
	EndGlobalSection
	GlobalSection(SolutionProperties) = preSolution
		HideSolutionNode = FALSE
	EndGlobalSection
	GlobalSection(ExtensibilityGlobals) = postSolution
		SolutionGuid = {317629F9-C277-4173-95D2-D244A8C66FC9}
	EndGlobalSection
EndGlobal
